
Microsoft Visual Studio Solution File, Format Version 12.00
# Visual Studio Version 17
VisualStudioVersion = 17.8.34322.80
MinimumVisualStudioVersion = 10.0.40219.1
Project("{FAE04EC0-301F-11D3-BF4B-00C04F79EFBC}") = "Design_1", "Design_1\Design_1.csproj", "{438E96E7-CCC9-4949-86B3-E24A18931CE1}"
EndProject
Global
	GlobalSection(SolutionConfigurationPlatforms) = preSolution
		Debug|Any CPU = Debug|Any CPU
		Release|Any CPU = Release|Any CPU
	EndGlobalSection
	GlobalSection(ProjectConfigurationPlatforms) = postSolution
		{438E96E7-CCC9-4949-86B3-E24A18931CE1}.Debug|Any CPU.ActiveCfg = Debug|Any CPU
		{438E96E7-CCC9-4949-86B3-E24A18931CE1}.Debug|Any CPU.Build.0 = Debug|Any CPU
		{438E96E7-CCC9-4949-86B3-E24A18931CE1}.Release|Any CPU.ActiveCfg = Release|Any CPU
		{438E96E7-CCC9-4949-86B3-E24A18931CE1}.Release|Any CPU.Build.0 = Release|Any CPU
	EndGlobalSection
	GlobalSection(SolutionProperties) = preSolution
		HideSolutionNode = FALSE
	EndGlobalSection
	GlobalSection(ExtensibilityGlobals) = postSolution
		SolutionGuid = {291FE61C-6917-484F-889E-08630C375E88}
	EndGlobalSection
EndGlobal
