
Microsoft Visual Studio Solution File, Format Version 12.00
# Visual Studio Version 17
VisualStudioVersion = 17.8.34511.84
MinimumVisualStudioVersion = 10.0.40219.1
Project("{FAE04EC0-301F-11D3-BF4B-00C04F79EFBC}") = "PurchaseReceiptAPP", "PurchaseReceiptAPP\PurchaseReceiptAPP.csproj", "{53481B33-88AD-4CC4-9B97-B18C6E677817}"
EndProject
Global
	GlobalSection(SolutionConfigurationPlatforms) = preSolution
		Debug|Any CPU = Debug|Any CPU
		Release|Any CPU = Release|Any CPU
	EndGlobalSection
	GlobalSection(ProjectConfigurationPlatforms) = postSolution
		{53481B33-88AD-4CC4-9B97-B18C6E677817}.Debug|Any CPU.ActiveCfg = Debug|Any CPU
		{53481B33-88AD-4CC4-9B97-B18C6E677817}.Debug|Any CPU.Build.0 = Debug|Any CPU
		{53481B33-88AD-4CC4-9B97-B18C6E677817}.Release|Any CPU.ActiveCfg = Release|Any CPU
		{53481B33-88AD-4CC4-9B97-B18C6E677817}.Release|Any CPU.Build.0 = Release|Any CPU
	EndGlobalSection
	GlobalSection(SolutionProperties) = preSolution
		HideSolutionNode = FALSE
	EndGlobalSection
	GlobalSection(ExtensibilityGlobals) = postSolution
		SolutionGuid = {7856981D-3B49-41C5-A586-95FAEF575D0D}
	EndGlobalSection
EndGlobal
