
Microsoft Visual Studio Solution File, Format Version 12.00
# Visual Studio Version 17
VisualStudioVersion = 17.8.34511.84
MinimumVisualStudioVersion = 10.0.40219.1
Project("{FAE04EC0-301F-11D3-BF4B-00C04F79EFBC}") = "WindowsFormsApp1", "WindowsFormsApp1\WindowsFormsApp1.csproj", "{807743D0-4013-4925-9C95-11BADA02DD78}"
EndProject
Global
	GlobalSection(SolutionConfigurationPlatforms) = preSolution
		Debug|Any CPU = Debug|Any CPU
		Release|Any CPU = Release|Any CPU
	EndGlobalSection
	GlobalSection(ProjectConfigurationPlatforms) = postSolution
		{807743D0-4013-4925-9C95-11BADA02DD78}.Debug|Any CPU.ActiveCfg = Debug|Any CPU
		{807743D0-4013-4925-9C95-11BADA02DD78}.Debug|Any CPU.Build.0 = Debug|Any CPU
		{807743D0-4013-4925-9C95-11BADA02DD78}.Release|Any CPU.ActiveCfg = Release|Any CPU
		{807743D0-4013-4925-9C95-11BADA02DD78}.Release|Any CPU.Build.0 = Release|Any CPU
	EndGlobalSection
	GlobalSection(SolutionProperties) = preSolution
		HideSolutionNode = FALSE
	EndGlobalSection
	GlobalSection(ExtensibilityGlobals) = postSolution
		SolutionGuid = {C63CE95F-C4EF-4587-A326-5161E489738A}
	EndGlobalSection
EndGlobal
