
Microsoft Visual Studio Solution File, Format Version 12.00
# Visual Studio Version 17
VisualStudioVersion = 17.8.34322.80
MinimumVisualStudioVersion = 10.0.40219.1
Project("{FAE04EC0-301F-11D3-BF4B-00C04F79EFBC}") = "AppLoadFile", "AppLoadFile\AppLoadFile.csproj", "{991986D7-B1F0-408E-A741-C01388A2A28A}"
EndProject
Global
	GlobalSection(SolutionConfigurationPlatforms) = preSolution
		Debug|Any CPU = Debug|Any CPU
		Release|Any CPU = Release|Any CPU
	EndGlobalSection
	GlobalSection(ProjectConfigurationPlatforms) = postSolution
		{991986D7-B1F0-408E-A741-C01388A2A28A}.Debug|Any CPU.ActiveCfg = Debug|Any CPU
		{991986D7-B1F0-408E-A741-C01388A2A28A}.Debug|Any CPU.Build.0 = Debug|Any CPU
		{991986D7-B1F0-408E-A741-C01388A2A28A}.Release|Any CPU.ActiveCfg = Release|Any CPU
		{991986D7-B1F0-408E-A741-C01388A2A28A}.Release|Any CPU.Build.0 = Release|Any CPU
	EndGlobalSection
	GlobalSection(SolutionProperties) = preSolution
		HideSolutionNode = FALSE
	EndGlobalSection
	GlobalSection(ExtensibilityGlobals) = postSolution
		SolutionGuid = {086A9CD7-941C-4997-8B39-57532EE30D18}
	EndGlobalSection
EndGlobal
